
Microsoft Visual Studio Solution File, Format Version 12.00
# Visual Studio Version 17
VisualStudioVersion = 17.14.36310.24
MinimumVisualStudioVersion = 10.0.40219.1
Project("{FAE04EC0-301F-11D3-BF4B-00C04F79EFBC}") = "Bussin", "app\Bussin.csproj", "{C748B987-E1E0-F1D5-4E1A-6401E6E7370E}"
EndProject
Project("{FAE04EC0-301F-11D3-BF4B-00C04F79EFBC}") = "Bussin.Tests", "..\tests\Bussin.Tests\Bussin.Tests.csproj", "{B3ED723A-8FB8-411F-BA58-F6F0982EBDAE}"
EndProject
Project("{FAE04EC0-301F-11D3-BF4B-00C04F79EFBC}") = "Bussin.Backend", "api\Bussin.Backend.csproj", "{3ADA238B-B26A-46EF-B124-CE562BD954A8}"
EndProject
Global
	GlobalSection(SolutionConfigurationPlatforms) = preSolution
		Debug|Any CPU = Debug|Any CPU
		Debug|x64 = Debug|x64
		Debug|x86 = Debug|x86
		Release|Any CPU = Release|Any CPU
		Release|x64 = Release|x64
		Release|x86 = Release|x86
	EndGlobalSection
	GlobalSection(ProjectConfigurationPlatforms) = postSolution
		{C748B987-E1E0-F1D5-4E1A-6401E6E7370E}.Debug|Any CPU.ActiveCfg = Debug|Any CPU
		{C748B987-E1E0-F1D5-4E1A-6401E6E7370E}.Debug|Any CPU.Build.0 = Debug|Any CPU
		{C748B987-E1E0-F1D5-4E1A-6401E6E7370E}.Debug|x64.ActiveCfg = Debug|Any CPU
		{C748B987-E1E0-F1D5-4E1A-6401E6E7370E}.Debug|x64.Build.0 = Debug|Any CPU
		{C748B987-E1E0-F1D5-4E1A-6401E6E7370E}.Debug|x86.ActiveCfg = Debug|Any CPU
		{C748B987-E1E0-F1D5-4E1A-6401E6E7370E}.Debug|x86.Build.0 = Debug|Any CPU
		{C748B987-E1E0-F1D5-4E1A-6401E6E7370E}.Release|Any CPU.ActiveCfg = Release|Any CPU
		{C748B987-E1E0-F1D5-4E1A-6401E6E7370E}.Release|Any CPU.Build.0 = Release|Any CPU
		{C748B987-E1E0-F1D5-4E1A-6401E6E7370E}.Release|x64.ActiveCfg = Release|Any CPU
		{C748B987-E1E0-F1D5-4E1A-6401E6E7370E}.Release|x64.Build.0 = Release|Any CPU
		{C748B987-E1E0-F1D5-4E1A-6401E6E7370E}.Release|x86.ActiveCfg = Release|Any CPU
		{C748B987-E1E0-F1D5-4E1A-6401E6E7370E}.Release|x86.Build.0 = Release|Any CPU
		{B3ED723A-8FB8-411F-BA58-F6F0982EBDAE}.Debug|Any CPU.ActiveCfg = Debug|Any CPU
		{B3ED723A-8FB8-411F-BA58-F6F0982EBDAE}.Debug|Any CPU.Build.0 = Debug|Any CPU
		{B3ED723A-8FB8-411F-BA58-F6F0982EBDAE}.Debug|x64.ActiveCfg = Debug|Any CPU
		{B3ED723A-8FB8-411F-BA58-F6F0982EBDAE}.Debug|x64.Build.0 = Debug|Any CPU
		{B3ED723A-8FB8-411F-BA58-F6F0982EBDAE}.Debug|x86.ActiveCfg = Debug|Any CPU
		{B3ED723A-8FB8-411F-BA58-F6F0982EBDAE}.Debug|x86.Build.0 = Debug|Any CPU
		{B3ED723A-8FB8-411F-BA58-F6F0982EBDAE}.Release|Any CPU.ActiveCfg = Release|Any CPU
		{B3ED723A-8FB8-411F-BA58-F6F0982EBDAE}.Release|Any CPU.Build.0 = Release|Any CPU
		{B3ED723A-8FB8-411F-BA58-F6F0982EBDAE}.Release|x64.ActiveCfg = Release|Any CPU
		{B3ED723A-8FB8-411F-BA58-F6F0982EBDAE}.Release|x64.Build.0 = Release|Any CPU
		{B3ED723A-8FB8-411F-BA58-F6F0982EBDAE}.Release|x86.ActiveCfg = Release|Any CPU
		{B3ED723A-8FB8-411F-BA58-F6F0982EBDAE}.Release|x86.Build.0 = Release|Any CPU
		{3ADA238B-B26A-46EF-B124-CE562BD954A8}.Debug|Any CPU.ActiveCfg = Debug|Any CPU
		{3ADA238B-B26A-46EF-B124-CE562BD954A8}.Debug|Any CPU.Build.0 = Debug|Any CPU
		{3ADA238B-B26A-46EF-B124-CE562BD954A8}.Debug|x64.ActiveCfg = Debug|Any CPU
		{3ADA238B-B26A-46EF-B124-CE562BD954A8}.Debug|x64.Build.0 = Debug|Any CPU
		{3ADA238B-B26A-46EF-B124-CE562BD954A8}.Debug|x86.ActiveCfg = Debug|Any CPU
		{3ADA238B-B26A-46EF-B124-CE562BD954A8}.Debug|x86.Build.0 = Debug|Any CPU
		{3ADA238B-B26A-46EF-B124-CE562BD954A8}.Release|Any CPU.ActiveCfg = Release|Any CPU
		{3ADA238B-B26A-46EF-B124-CE562BD954A8}.Release|Any CPU.Build.0 = Release|Any CPU
		{3ADA238B-B26A-46EF-B124-CE562BD954A8}.Release|x64.ActiveCfg = Release|Any CPU
		{3ADA238B-B26A-46EF-B124-CE562BD954A8}.Release|x64.Build.0 = Release|Any CPU
		{3ADA238B-B26A-46EF-B124-CE562BD954A8}.Release|x86.ActiveCfg = Release|Any CPU
		{3ADA238B-B26A-46EF-B124-CE562BD954A8}.Release|x86.Build.0 = Release|Any CPU
	EndGlobalSection
	GlobalSection(SolutionProperties) = preSolution
		HideSolutionNode = FALSE
	EndGlobalSection
	GlobalSection(ExtensibilityGlobals) = postSolution
		SolutionGuid = {E678B343-5D5B-4A32-90A1-0FB218D859AF}
	EndGlobalSection
EndGlobal
